// !$*UTF8*$!
{
	archiveVersion = 1;
	classes = {
	};
	objectVersion = 56;
	objects = {

/* Begin PBXBuildFile section */
		04E48B0B29902DBF0075127F /* AppDelegate.swift in Sources */ = {isa = PBXBuildFile; fileRef = 04E48B0A29902DBF0075127F /* AppDelegate.swift */; };
		04E48B0D29902DBF0075127F /* SceneDelegate.swift in Sources */ = {isa = PBXBuildFile; fileRef = 04E48B0C29902DBF0075127F /* SceneDelegate.swift */; };
		04E48B0F29902DBF0075127F /* ViewController.swift in Sources */ = {isa = PBXBuildFile; fileRef = 04E48B0E29902DBF0075127F /* ViewController.swift */; };
		04E48B1229902DBF0075127F /* Main.storyboard in Resources */ = {isa = PBXBuildFile; fileRef = 04E48B1029902DBF0075127F /* Main.storyboard */; };
		04E48B1429902DC20075127F /* Assets.xcassets in Resources */ = {isa = PBXBuildFile; fileRef = 04E48B1329902DC20075127F /* Assets.xcassets */; };
		04E48B1729902DC20075127F /* LaunchScreen.storyboard in Resources */ = {isa = PBXBuildFile; fileRef = 04E48B1529902DC20075127F /* LaunchScreen.storyboard */; };
		04E48B2229902DC20075127F /* Pruducst12Tests.swift in Sources */ = {isa = PBXBuildFile; fileRef = 04E48B2129902DC20075127F /* Pruducst12Tests.swift */; };
		04E48B2C29902DC20075127F /* Pruducst12UITests.swift in Sources */ = {isa = PBXBuildFile; fileRef = 04E48B2B29902DC20075127F /* Pruducst12UITests.swift */; };
		04E48B2E29902DC20075127F /* Pruducst12UITestsLaunchTests.swift in Sources */ = {isa = PBXBuildFile; fileRef = 04E48B2D29902DC20075127F /* Pruducst12UITestsLaunchTests.swift */; };
		04E48B4129903AE00075127F /* NetworkLayre.swift in Sources */ = {isa = PBXBuildFile; fileRef = 04E48B4029903AE00075127F /* NetworkLayre.swift */; };
		04E48B4329903BA70075127F /* Kokteli.swift in Sources */ = {isa = PBXBuildFile; fileRef = 04E48B4229903BA70075127F /* Kokteli.swift */; };
		04E48B48299062C30075127F /* MainViewmodel.swift in Sources */ = {isa = PBXBuildFile; fileRef = 04E48B47299062C30075127F /* MainViewmodel.swift */; };
		04E48B882991A3320075127F /* TableViewCell.swift in Sources */ = {isa = PBXBuildFile; fileRef = 04E48B872991A3320075127F /* TableViewCell.swift */; };
/* End PBXBuildFile section */

/* Begin PBXContainerItemProxy section */
		04E48B1E29902DC20075127F /* PBXContainerItemProxy */ = {
			isa = PBXContainerItemProxy;
			containerPortal = 04E48AFF29902DBF0075127F /* Project object */;
			proxyType = 1;
			remoteGlobalIDString = 04E48B0629902DBF0075127F;
			remoteInfo = Pruducst12;
		};
		04E48B2829902DC20075127F /* PBXContainerItemProxy */ = {
			isa = PBXContainerItemProxy;
			containerPortal = 04E48AFF29902DBF0075127F /* Project object */;
			proxyType = 1;
			remoteGlobalIDString = 04E48B0629902DBF0075127F;
			remoteInfo = Pruducst12;
		};
/* End PBXContainerItemProxy section */

/* Begin PBXFileReference section */
		04E48B0729902DBF0075127F /* Pruducst12.app */ = {isa = PBXFileReference; explicitFileType = wrapper.application; includeInIndex = 0; path = Pruducst12.app; sourceTree = BUILT_PRODUCTS_DIR; };
		04E48B0A29902DBF0075127F /* AppDelegate.swift */ = {isa = PBXFileReference; lastKnownFileType = sourcecode.swift; path = AppDelegate.swift; sourceTree = "<group>"; };
		04E48B0C29902DBF0075127F /* SceneDelegate.swift */ = {isa = PBXFileReference; lastKnownFileType = sourcecode.swift; path = SceneDelegate.swift; sourceTree = "<group>"; };
		04E48B0E29902DBF0075127F /* ViewController.swift */ = {isa = PBXFileReference; lastKnownFileType = sourcecode.swift; path = ViewController.swift; sourceTree = "<group>"; };
		04E48B1129902DBF0075127F /* Base */ = {isa = PBXFileReference; lastKnownFileType = file.storyboard; name = Base; path = Base.lproj/Main.storyboard; sourceTree = "<group>"; };
		04E48B1329902DC20075127F /* Assets.xcassets */ = {isa = PBXFileReference; lastKnownFileType = folder.assetcatalog; path = Assets.xcassets; sourceTree = "<group>"; };
		04E48B1629902DC20075127F /* Base */ = {isa = PBXFileReference; lastKnownFileType = file.storyboard; name = Base; path = Base.lproj/LaunchScreen.storyboard; sourceTree = "<group>"; };
		04E48B1829902DC20075127F /* Info.plist */ = {isa = PBXFileReference; lastKnownFileType = text.plist.xml; path = Info.plist; sourceTree = "<group>"; };
		04E48B1D29902DC20075127F /* Pruducst12Tests.xctest */ = {isa = PBXFileReference; explicitFileType = wrapper.cfbundle; includeInIndex = 0; path = Pruducst12Tests.xctest; sourceTree = BUILT_PRODUCTS_DIR; };
		04E48B2129902DC20075127F /* Pruducst12Tests.swift */ = {isa = PBXFileReference; lastKnownFileType = sourcecode.swift; path = Pruducst12Tests.swift; sourceTree = "<group>"; };
		04E48B2729902DC20075127F /* Pruducst12UITests.xctest */ = {isa = PBXFileReference; explicitFileType = wrapper.cfbundle; includeInIndex = 0; path = Pruducst12UITests.xctest; sourceTree = BUILT_PRODUCTS_DIR; };
		04E48B2B29902DC20075127F /* Pruducst12UITests.swift */ = {isa = PBXFileReference; lastKnownFileType = sourcecode.swift; path = Pruducst12UITests.swift; sourceTree = "<group>"; };
		04E48B2D29902DC20075127F /* Pruducst12UITestsLaunchTests.swift */ = {isa = PBXFileReference; lastKnownFileType = sourcecode.swift; path = Pruducst12UITestsLaunchTests.swift; sourceTree = "<group>"; };
		04E48B4029903AE00075127F /* NetworkLayre.swift */ = {isa = PBXFileReference; lastKnownFileType = sourcecode.swift; path = NetworkLayre.swift; sourceTree = "<group>"; };
		04E48B4229903BA70075127F /* Kokteli.swift */ = {isa = PBXFileReference; lastKnownFileType = sourcecode.swift; path = Kokteli.swift; sourceTree = "<group>"; };
		04E48B47299062C30075127F /* MainViewmodel.swift */ = {isa = PBXFileReference; lastKnownFileType = sourcecode.swift; path = MainViewmodel.swift; sourceTree = "<group>"; };
		04E48B872991A3320075127F /* TableViewCell.swift */ = {isa = PBXFileReference; lastKnownFileType = sourcecode.swift; path = TableViewCell.swift; sourceTree = "<group>"; };
/* End PBXFileReference section */

/* Begin PBXFrameworksBuildPhase section */
		04E48B0429902DBF0075127F /* Frameworks */ = {
			isa = PBXFrameworksBuildPhase;
			buildActionMask = 2147483647;
			files = (
			);
			runOnlyForDeploymentPostprocessing = 0;
		};
		04E48B1A29902DC20075127F /* Frameworks */ = {
			isa = PBXFrameworksBuildPhase;
			buildActionMask = 2147483647;
			files = (
			);
			runOnlyForDeploymentPostprocessing = 0;
		};
		04E48B2429902DC20075127F /* Frameworks */ = {
			isa = PBXFrameworksBuildPhase;
			buildActionMask = 2147483647;
			files = (
			);
			runOnlyForDeploymentPostprocessing = 0;
		};
/* End PBXFrameworksBuildPhase section */

/* Begin PBXGroup section */
		04E48AFE29902DBF0075127F = {
			isa = PBXGroup;
			children = (
				04E48B0929902DBF0075127F /* Pruducst12 */,
				04E48B2029902DC20075127F /* Pruducst12Tests */,
				04E48B2A29902DC20075127F /* Pruducst12UITests */,
				04E48B0829902DBF0075127F /* Products */,
			);
			sourceTree = "<group>";
		};
		04E48B0829902DBF0075127F /* Products */ = {
			isa = PBXGroup;
			children = (
				04E48B0729902DBF0075127F /* Pruducst12.app */,
				04E48B1D29902DC20075127F /* Pruducst12Tests.xctest */,
				04E48B2729902DC20075127F /* Pruducst12UITests.xctest */,
			);
			name = Products;
			sourceTree = "<group>";
		};
		04E48B0929902DBF0075127F /* Pruducst12 */ = {
			isa = PBXGroup;
			children = (
				04E48B3F29903AC80075127F /* NetworlLayre */,
				04E48B3C29902FAD0075127F /* MVVM */,
				04E48B0A29902DBF0075127F /* AppDelegate.swift */,
				04E48B0C29902DBF0075127F /* SceneDelegate.swift */,
				04E48B0E29902DBF0075127F /* ViewController.swift */,
				04E48B1029902DBF0075127F /* Main.storyboard */,
				04E48B1329902DC20075127F /* Assets.xcassets */,
				04E48B1529902DC20075127F /* LaunchScreen.storyboard */,
				04E48B1829902DC20075127F /* Info.plist */,
				04E48B4229903BA70075127F /* Kokteli.swift */,
				04E48B872991A3320075127F /* TableViewCell.swift */,
			);
			path = Pruducst12;
			sourceTree = "<group>";
		};
		04E48B2029902DC20075127F /* Pruducst12Tests */ = {
			isa = PBXGroup;
			children = (
				04E48B2129902DC20075127F /* Pruducst12Tests.swift */,
			);
			path = Pruducst12Tests;
			sourceTree = "<group>";
		};
		04E48B2A29902DC20075127F /* Pruducst12UITests */ = {
			isa = PBXGroup;
			children = (
				04E48B2B29902DC20075127F /* Pruducst12UITests.swift */,
				04E48B2D29902DC20075127F /* Pruducst12UITestsLaunchTests.swift */,
			);
			path = Pruducst12UITests;
			sourceTree = "<group>";
		};
		04E48B3C29902FAD0075127F /* MVVM */ = {
			isa = PBXGroup;
			children = (
				04E48B3E29903A590075127F /* View Model */,
				04E48B3D29903A4B0075127F /* Model */,
			);
			path = MVVM;
			sourceTree = "<group>";
		};
		04E48B3D29903A4B0075127F /* Model */ = {
			isa = PBXGroup;
			children = (
			);
			path = Model;
			sourceTree = "<group>";
		};
		04E48B3E29903A590075127F /* View Model */ = {
			isa = PBXGroup;
			children = (
				04E48B47299062C30075127F /* MainViewmodel.swift */,
			);
			path = "View Model";
			sourceTree = "<group>";
		};
		04E48B3F29903AC80075127F /* NetworlLayre */ = {
			isa = PBXGroup;
			children = (
				04E48B4029903AE00075127F /* NetworkLayre.swift */,
			);
			path = NetworlLayre;
			sourceTree = "<group>";
		};
/* End PBXGroup section */

/* Begin PBXNativeTarget section */
		04E48B0629902DBF0075127F /* Pruducst12 */ = {
			isa = PBXNativeTarget;
			buildConfigurationList = 04E48B3129902DC20075127F /* Build configuration list for PBXNativeTarget "Pruducst12" */;
			buildPhases = (
				04E48B0329902DBF0075127F /* Sources */,
				04E48B0429902DBF0075127F /* Frameworks */,
				04E48B0529902DBF0075127F /* Resources */,
			);
			buildRules = (
			);
			dependencies = (
			);
			name = Pruducst12;
			productName = Pruducst12;
			productReference = 04E48B0729902DBF0075127F /* Pruducst12.app */;
			productType = "com.apple.product-type.application";
		};
		04E48B1C29902DC20075127F /* Pruducst12Tests */ = {
			isa = PBXNativeTarget;
			buildConfigurationList = 04E48B3429902DC20075127F /* Build configuration list for PBXNativeTarget "Pruducst12Tests" */;
			buildPhases = (
				04E48B1929902DC20075127F /* Sources */,
				04E48B1A29902DC20075127F /* Frameworks */,
				04E48B1B29902DC20075127F /* Resources */,
			);
			buildRules = (
			);
			dependencies = (
				04E48B1F29902DC20075127F /* PBXTargetDependency */,
			);
			name = Pruducst12Tests;
			productName = Pruducst12Tests;
			productReference = 04E48B1D29902DC20075127F /* Pruducst12Tests.xctest */;
			productType = "com.apple.product-type.bundle.unit-test";
		};
		04E48B2629902DC20075127F /* Pruducst12UITests */ = {
			isa = PBXNativeTarget;
			buildConfigurationList = 04E48B3729902DC20075127F /* Build configuration list for PBXNativeTarget "Pruducst12UITests" */;
			buildPhases = (
				04E48B2329902DC20075127F /* Sources */,
				04E48B2429902DC20075127F /* Frameworks */,
				04E48B2529902DC20075127F /* Resources */,
			);
			buildRules = (
			);
			dependencies = (
				04E48B2929902DC20075127F /* PBXTargetDependency */,
			);
			name = Pruducst12UITests;
			productName = Pruducst12UITests;
			productReference = 04E48B2729902DC20075127F /* Pruducst12UITests.xctest */;
			productType = "com.apple.product-type.bundle.ui-testing";
		};
/* End PBXNativeTarget section */

/* Begin PBXProject section */
		04E48AFF29902DBF0075127F /* Project object */ = {
			isa = PBXProject;
			attributes = {
				BuildIndependentTargetsInParallel = 1;
				LastSwiftUpdateCheck = 1410;
				LastUpgradeCheck = 1410;
				TargetAttributes = {
					04E48B0629902DBF0075127F = {
						CreatedOnToolsVersion = 14.1;
					};
					04E48B1C29902DC20075127F = {
						CreatedOnToolsVersion = 14.1;
						TestTargetID = 04E48B0629902DBF0075127F;
					};
					04E48B2629902DC20075127F = {
						CreatedOnToolsVersion = 14.1;
						TestTargetID = 04E48B0629902DBF0075127F;
					};
				};
			};
			buildConfigurationList = 04E48B0229902DBF0075127F /* Build configuration list for PBXProject "Pruducst12" */;
			compatibilityVersion = "Xcode 14.0";
			developmentRegion = en;
			hasScannedForEncodings = 0;
			knownRegions = (
				en,
				Base,
			);
			mainGroup = 04E48AFE29902DBF0075127F;
			productRefGroup = 04E48B0829902DBF0075127F /* Products */;
			projectDirPath = "";
			projectRoot = "";
			targets = (
				04E48B0629902DBF0075127F /* Pruducst12 */,
				04E48B1C29902DC20075127F /* Pruducst12Tests */,
				04E48B2629902DC20075127F /* Pruducst12UITests */,
			);
		};
/* End PBXProject section */

/* Begin PBXResourcesBuildPhase section */
		04E48B0529902DBF0075127F /* Resources */ = {
			isa = PBXResourcesBuildPhase;
			buildActionMask = 2147483647;
			files = (
				04E48B1729902DC20075127F /* LaunchScreen.storyboard in Resources */,
				04E48B1429902DC20075127F /* Assets.xcassets in Resources */,
				04E48B1229902DBF0075127F /* Main.storyboard in Resources */,
			);
			runOnlyForDeploymentPostprocessing = 0;
		};
		04E48B1B29902DC20075127F /* Resources */ = {
			isa = PBXResourcesBuildPhase;
			buildActionMask = 2147483647;
			files = (
			);
			runOnlyForDeploymentPostprocessing = 0;
		};
		04E48B2529902DC20075127F /* Resources */ = {
			isa = PBXResourcesBuildPhase;
			buildActionMask = 2147483647;
			files = (
			);
			runOnlyForDeploymentPostprocessing = 0;
		};
/* End PBXResourcesBuildPhase section */

/* Begin PBXSourcesBuildPhase section */
		04E48B0329902DBF0075127F /* Sources */ = {
			isa = PBXSourcesBuildPhase;
			buildActionMask = 2147483647;
			files = (
				04E48B4129903AE00075127F /* NetworkLayre.swift in Sources */,
				04E48B0F29902DBF0075127F /* ViewController.swift in Sources */,
				04E48B0B29902DBF0075127F /* AppDelegate.swift in Sources */,
				04E48B4329903BA70075127F /* Kokteli.swift in Sources */,
				04E48B0D29902DBF0075127F /* SceneDelegate.swift in Sources */,
				04E48B882991A3320075127F /* TableViewCell.swift in Sources */,
				04E48B48299062C30075127F /* MainViewmodel.swift in Sources */,
			);
			runOnlyForDeploymentPostprocessing = 0;
		};
		04E48B1929902DC20075127F /* Sources */ = {
			isa = PBXSourcesBuildPhase;
			buildActionMask = 2147483647;
			files = (
				04E48B2229902DC20075127F /* Pruducst12Tests.swift in Sources */,
			);
			runOnlyForDeploymentPostprocessing = 0;
		};
		04E48B2329902DC20075127F /* Sources */ = {
			isa = PBXSourcesBuildPhase;
			buildActionMask = 2147483647;
			files = (
				04E48B2C29902DC20075127F /* Pruducst12UITests.swift in Sources */,
				04E48B2E29902DC20075127F /* Pruducst12UITestsLaunchTests.swift in Sources */,
			);
			runOnlyForDeploymentPostprocessing = 0;
		};
/* End PBXSourcesBuildPhase section */

/* Begin PBXTargetDependency section */
		04E48B1F29902DC20075127F /* PBXTargetDependency */ = {
			isa = PBXTargetDependency;
			target = 04E48B0629902DBF0075127F /* Pruducst12 */;
			targetProxy = 04E48B1E29902DC20075127F /* PBXContainerItemProxy */;
		};
		04E48B2929902DC20075127F /* PBXTargetDependency */ = {
			isa = PBXTargetDependency;
			target = 04E48B0629902DBF0075127F /* Pruducst12 */;
			targetProxy = 04E48B2829902DC20075127F /* PBXContainerItemProxy */;
		};
/* End PBXTargetDependency section */

/* Begin PBXVariantGroup section */
		04E48B1029902DBF0075127F /* Main.storyboard */ = {
			isa = PBXVariantGroup;
			children = (
				04E48B1129902DBF0075127F /* Base */,
			);
			name = Main.storyboard;
			sourceTree = "<group>";
		};
		04E48B1529902DC20075127F /* LaunchScreen.storyboard */ = {
			isa = PBXVariantGroup;
			children = (
				04E48B1629902DC20075127F /* Base */,
			);
			name = LaunchScreen.storyboard;
			sourceTree = "<group>";
		};
/* End PBXVariantGroup section */

/* Begin XCBuildConfiguration section */
		04E48B2F29902DC20075127F /* Debug */ = {
			isa = XCBuildConfiguration;
			buildSettings = {
				ALWAYS_SEARCH_USER_PATHS = NO;
				CLANG_ANALYZER_NONNULL = YES;
				CLANG_ANALYZER_NUMBER_OBJECT_CONVERSION = YES_AGGRESSIVE;
				CLANG_CXX_LANGUAGE_STANDARD = "gnu++20";
				CLANG_ENABLE_MODULES = YES;
				CLANG_ENABLE_OBJC_ARC = YES;
				CLANG_ENABLE_OBJC_WEAK = YES;
				CLANG_WARN_BLOCK_CAPTURE_AUTORELEASING = YES;
				CLANG_WARN_BOOL_CONVERSION = YES;
				CLANG_WARN_COMMA = YES;
				CLANG_WARN_CONSTANT_CONVERSION = YES;
				CLANG_WARN_DEPRECATED_OBJC_IMPLEMENTATIONS = YES;
				CLANG_WARN_DIRECT_OBJC_ISA_USAGE = YES_ERROR;
				CLANG_WARN_DOCUMENTATION_COMMENTS = YES;
				CLANG_WARN_EMPTY_BODY = YES;
				CLANG_WARN_ENUM_CONVERSION = YES;
				CLANG_WARN_INFINITE_RECURSION = YES;
				CLANG_WARN_INT_CONVERSION = YES;
				CLANG_WARN_NON_LITERAL_NULL_CONVERSION = YES;
				CLANG_WARN_OBJC_IMPLICIT_RETAIN_SELF = YES;
				CLANG_WARN_OBJC_LITERAL_CONVERSION = YES;
				CLANG_WARN_OBJC_ROOT_CLASS = YES_ERROR;
				CLANG_WARN_QUOTED_INCLUDE_IN_FRAMEWORK_HEADER = YES;
				CLANG_WARN_RANGE_LOOP_ANALYSIS = YES;
				CLANG_WARN_STRICT_PROTOTYPES = YES;
				CLANG_WARN_SUSPICIOUS_MOVE = YES;
				CLANG_WARN_UNGUARDED_AVAILABILITY = YES_AGGRESSIVE;
				CLANG_WARN_UNREACHABLE_CODE = YES;
				CLANG_WARN__DUPLICATE_METHOD_MATCH = YES;
				COPY_PHASE_STRIP = NO;
				DEBUG_INFORMATION_FORMAT = dwarf;
				ENABLE_STRICT_OBJC_MSGSEND = YES;
				ENABLE_TESTABILITY = YES;
				GCC_C_LANGUAGE_STANDARD = gnu11;
				GCC_DYNAMIC_NO_PIC = NO;
				GCC_NO_COMMON_BLOCKS = YES;
				GCC_OPTIMIZATION_LEVEL = 0;
				GCC_PREPROCESSOR_DEFINITIONS = (
					"DEBUG=1",
					"$(inherited)",
				);
				GCC_WARN_64_TO_32_BIT_CONVERSION = YES;
				GCC_WARN_ABOUT_RETURN_TYPE = YES_ERROR;
				GCC_WARN_UNDECLARED_SELECTOR = YES;
				GCC_WARN_UNINITIALIZED_AUTOS = YES_AGGRESSIVE;
				GCC_WARN_UNUSED_FUNCTION = YES;
				GCC_WARN_UNUSED_VARIABLE = YES;
				IPHONEOS_DEPLOYMENT_TARGET = 16.1;
				MTL_ENABLE_DEBUG_INFO = INCLUDE_SOURCE;
				MTL_FAST_MATH = YES;
				ONLY_ACTIVE_ARCH = YES;
				SDKROOT = iphoneos;
				SWIFT_ACTIVE_COMPILATION_CONDITIONS = DEBUG;
				SWIFT_OPTIMIZATION_LEVEL = "-Onone";
			};
			name = Debug;
		};
		04E48B3029902DC20075127F /* Release */ = {
			isa = XCBuildConfiguration;
			buildSettings = {
				ALWAYS_SEARCH_USER_PATHS = NO;
				CLANG_ANALYZER_NONNULL = YES;
				CLANG_ANALYZER_NUMBER_OBJECT_CONVERSION = YES_AGGRESSIVE;
				CLANG_CXX_LANGUAGE_STANDARD = "gnu++20";
				CLANG_ENABLE_MODULES = YES;
				CLANG_ENABLE_OBJC_ARC = YES;
				CLANG_ENABLE_OBJC_WEAK = YES;
				CLANG_WARN_BLOCK_CAPTURE_AUTORELEASING = YES;
				CLANG_WARN_BOOL_CONVERSION = YES;
				CLANG_WARN_COMMA = YES;
				CLANG_WARN_CONSTANT_CONVERSION = YES;
				CLANG_WARN_DEPRECATED_OBJC_IMPLEMENTATIONS = YES;
				CLANG_WARN_DIRECT_OBJC_ISA_USAGE = YES_ERROR;
				CLANG_WARN_DOCUMENTATION_COMMENTS = YES;
				CLANG_WARN_EMPTY_BODY = YES;
				CLANG_WARN_ENUM_CONVERSION = YES;
				CLANG_WARN_INFINITE_RECURSION = YES;
				CLANG_WARN_INT_CONVERSION = YES;
				CLANG_WARN_NON_LITERAL_NULL_CONVERSION = YES;
				CLANG_WARN_OBJC_IMPLICIT_RETAIN_SELF = YES;
				CLANG_WARN_OBJC_LITERAL_CONVERSION = YES;
				CLANG_WARN_OBJC_ROOT_CLASS = YES_ERROR;
				CLANG_WARN_QUOTED_INCLUDE_IN_FRAMEWORK_HEADER = YES;
				CLANG_WARN_RANGE_LOOP_ANALYSIS = YES;
				CLANG_WARN_STRICT_PROTOTYPES = YES;
				CLANG_WARN_SUSPICIOUS_MOVE = YES;
				CLANG_WARN_UNGUARDED_AVAILABILITY = YES_AGGRESSIVE;
				CLANG_WARN_UNREACHABLE_CODE = YES;
				CLANG_WARN__DUPLICATE_METHOD_MATCH = YES;
				COPY_PHASE_STRIP = NO;
				DEBUG_INFORMATION_FORMAT = "dwarf-with-dsym";
				ENABLE_NS_ASSERTIONS = NO;
				ENABLE_STRICT_OBJC_MSGSEND = YES;
				GCC_C_LANGUAGE_STANDARD = gnu11;
				GCC_NO_COMMON_BLOCKS = YES;
				GCC_WARN_64_TO_32_BIT_CONVERSION = YES;
				GCC_WARN_ABOUT_RETURN_TYPE = YES_ERROR;
				GCC_WARN_UNDECLARED_SELECTOR = YES;
				GCC_WARN_UNINITIALIZED_AUTOS = YES_AGGRESSIVE;
				GCC_WARN_UNUSED_FUNCTION = YES;
				GCC_WARN_UNUSED_VARIABLE = YES;
				IPHONEOS_DEPLOYMENT_TARGET = 16.1;
				MTL_ENABLE_DEBUG_INFO = NO;
				MTL_FAST_MATH = YES;
				SDKROOT = iphoneos;
				SWIFT_COMPILATION_MODE = wholemodule;
				SWIFT_OPTIMIZATION_LEVEL = "-O";
				VALIDATE_PRODUCT = YES;
			};
			name = Release;
		};
		04E48B3229902DC20075127F /* Debug */ = {
			isa = XCBuildConfiguration;
			buildSettings = {
				ASSETCATALOG_COMPILER_APPICON_NAME = AppIcon;
				ASSETCATALOG_COMPILER_GLOBAL_ACCENT_COLOR_NAME = AccentColor;
				CODE_SIGN_STYLE = Automatic;
				CURRENT_PROJECT_VERSION = 1;
				DEVELOPMENT_TEAM = TU4A85R5R3;
				GENERATE_INFOPLIST_FILE = YES;
				INFOPLIST_FILE = "Pruducst12//Info.plist";
				INFOPLIST_KEY_UIApplicationSupportsIndirectInputEvents = YES;
				INFOPLIST_KEY_UILaunchStoryboardName = LaunchScreen;
				INFOPLIST_KEY_UIMainStoryboardFile = Main;
				INFOPLIST_KEY_UISupportedInterfaceOrientations_iPad = "UIInterfaceOrientationPortrait UIInterfaceOrientationPortraitUpsideDown UIInterfaceOrientationLandscapeLeft UIInterfaceOrientationLandscapeRight";
				INFOPLIST_KEY_UISupportedInterfaceOrientations_iPhone = "UIInterfaceOrientationPortrait UIInterfaceOrientationLandscapeLeft UIInterfaceOrientationLandscapeRight";
				LD_RUNPATH_SEARCH_PATHS = (
					"$(inherited)",
					"@executable_path/Frameworks",
				);
				MARKETING_VERSION = 1.0;
				PRODUCT_BUNDLE_IDENTIFIER = mark2.Pruducst12;
				PRODUCT_NAME = "$(TARGET_NAME)";
				SWIFT_EMIT_LOC_STRINGS = YES;
				SWIFT_VERSION = 5.0;
				TARGETED_DEVICE_FAMILY = "1,2";
			};
			name = Debug;
		};
		04E48B3329902DC20075127F /* Release */ = {
			isa = XCBuildConfiguration;
			buildSettings = {
				ASSETCATALOG_COMPILER_APPICON_NAME = AppIcon;
				ASSETCATALOG_COMPILER_GLOBAL_ACCENT_COLOR_NAME = AccentColor;
				CODE_SIGN_STYLE = Automatic;
				CURRENT_PROJECT_VERSION = 1;
				DEVELOPMENT_TEAM = TU4A85R5R3;
				GENERATE_INFOPLIST_FILE = YES;
				INFOPLIST_FILE = "Pruducst12//Info.plist";
				INFOPLIST_KEY_UIApplicationSupportsIndirectInputEvents = YES;
				INFOPLIST_KEY_UILaunchStoryboardName = LaunchScreen;
				INFOPLIST_KEY_UIMainStoryboardFile = Main;
				INFOPLIST_KEY_UISupportedInterfaceOrientations_iPad = "UIInterfaceOrientationPortrait UIInterfaceOrientationPortraitUpsideDown UIInterfaceOrientationLandscapeLeft UIInterfaceOrientationLandscapeRight";
				INFOPLIST_KEY_UISupportedInterfaceOrientations_iPhone = "UIInterfaceOrientationPortrait UIInterfaceOrientationLandscapeLeft UIInterfaceOrientationLandscapeRight";
				LD_RUNPATH_SEARCH_PATHS = (
					"$(inherited)",
					"@executable_path/Frameworks",
				);
				MARKETING_VERSION = 1.0;
				PRODUCT_BUNDLE_IDENTIFIER = mark2.Pruducst12;
				PRODUCT_NAME = "$(TARGET_NAME)";
				SWIFT_EMIT_LOC_STRINGS = YES;
				SWIFT_VERSION = 5.0;
				TARGETED_DEVICE_FAMILY = "1,2";
			};
			name = Release;
		};
		04E48B3529902DC20075127F /* Debug */ = {
			isa = XCBuildConfiguration;
			buildSettings = {
				ALWAYS_EMBED_SWIFT_STANDARD_LIBRARIES = YES;
				BUNDLE_LOADER = "$(TEST_HOST)";
				CODE_SIGN_STYLE = Automatic;
				CURRENT_PROJECT_VERSION = 1;
				DEVELOPMENT_TEAM = TU4A85R5R3;
				GENERATE_INFOPLIST_FILE = YES;
				IPHONEOS_DEPLOYMENT_TARGET = 16.1;
				MARKETING_VERSION = 1.0;
				PRODUCT_BUNDLE_IDENTIFIER = mark2.Pruducst12Tests;
				PRODUCT_NAME = "$(TARGET_NAME)";
				SWIFT_EMIT_LOC_STRINGS = NO;
				SWIFT_VERSION = 5.0;
				TARGETED_DEVICE_FAMILY = "1,2";
				TEST_HOST = "$(BUILT_PRODUCTS_DIR)/Pruducst12.app/$(BUNDLE_EXECUTABLE_FOLDER_PATH)/Pruducst12";
			};
			name = Debug;
		};
		04E48B3629902DC20075127F /* Release */ = {
			isa = XCBuildConfiguration;
			buildSettings = {
				ALWAYS_EMBED_SWIFT_STANDARD_LIBRARIES = YES;
				BUNDLE_LOADER = "$(TEST_HOST)";
				CODE_SIGN_STYLE = Automatic;
				CURRENT_PROJECT_VERSION = 1;
				DEVELOPMENT_TEAM = TU4A85R5R3;
				GENERATE_INFOPLIST_FILE = YES;
				IPHONEOS_DEPLOYMENT_TARGET = 16.1;
				MARKETING_VERSION = 1.0;
				PRODUCT_BUNDLE_IDENTIFIER = mark2.Pruducst12Tests;
				PRODUCT_NAME = "$(TARGET_NAME)";
				SWIFT_EMIT_LOC_STRINGS = NO;
				SWIFT_VERSION = 5.0;
				TARGETED_DEVICE_FAMILY = "1,2";
				TEST_HOST = "$(BUILT_PRODUCTS_DIR)/Pruducst12.app/$(BUNDLE_EXECUTABLE_FOLDER_PATH)/Pruducst12";
			};
			name = Release;
		};
		04E48B3829902DC20075127F /* Debug */ = {
			isa = XCBuildConfiguration;
			buildSettings = {
				ALWAYS_EMBED_SWIFT_STANDARD_LIBRARIES = YES;
				CODE_SIGN_STYLE = Automatic;
				CURRENT_PROJECT_VERSION = 1;
				DEVELOPMENT_TEAM = TU4A85R5R3;
				GENERATE_INFOPLIST_FILE = YES;
				MARKETING_VERSION = 1.0;
				PRODUCT_BUNDLE_IDENTIFIER = mark2.Pruducst12UITests;
				PRODUCT_NAME = "$(TARGET_NAME)";
				SWIFT_EMIT_LOC_STRINGS = NO;
				SWIFT_VERSION = 5.0;
				TARGETED_DEVICE_FAMILY = "1,2";
				TEST_TARGET_NAME = Pruducst12;
			};
			name = Debug;
		};
		04E48B3929902DC20075127F /* Release */ = {
			isa = XCBuildConfiguration;
			buildSettings = {
				ALWAYS_EMBED_SWIFT_STANDARD_LIBRARIES = YES;
				CODE_SIGN_STYLE = Automatic;
				CURRENT_PROJECT_VERSION = 1;
				DEVELOPMENT_TEAM = TU4A85R5R3;
				GENERATE_INFOPLIST_FILE = YES;
				MARKETING_VERSION = 1.0;
				PRODUCT_BUNDLE_IDENTIFIER = mark2.Pruducst12UITests;
				PRODUCT_NAME = "$(TARGET_NAME)";
				SWIFT_EMIT_LOC_STRINGS = NO;
				SWIFT_VERSION = 5.0;
				TARGETED_DEVICE_FAMILY = "1,2";
				TEST_TARGET_NAME = Pruducst12;
			};
			name = Release;
		};
/* End XCBuildConfiguration section */

/* Begin XCConfigurationList section */
		04E48B0229902DBF0075127F /* Build configuration list for PBXProject "Pruducst12" */ = {
			isa = XCConfigurationList;
			buildConfigurations = (
				04E48B2F29902DC20075127F /* Debug */,
				04E48B3029902DC20075127F /* Release */,
			);
			defaultConfigurationIsVisible = 0;
			defaultConfigurationName = Release;
		};
		04E48B3129902DC20075127F /* Build configuration list for PBXNativeTarget "Pruducst12" */ = {
			isa = XCConfigurationList;
			buildConfigurations = (
				04E48B3229902DC20075127F /* Debug */,
				04E48B3329902DC20075127F /* Release */,
			);
			defaultConfigurationIsVisible = 0;
			defaultConfigurationName = Release;
		};
		04E48B3429902DC20075127F /* Build configuration list for PBXNativeTarget "Pruducst12Tests" */ = {
			isa = XCConfigurationList;
			buildConfigurations = (
				04E48B3529902DC20075127F /* Debug */,
				04E48B3629902DC20075127F /* Release */,
			);
			defaultConfigurationIsVisible = 0;
			defaultConfigurationName = Release;
		};
		04E48B3729902DC20075127F /* Build configuration list for PBXNativeTarget "Pruducst12UITests" */ = {
			isa = XCConfigurationList;
			buildConfigurations = (
				04E48B3829902DC20075127F /* Debug */,
				04E48B3929902DC20075127F /* Release */,
			);
			defaultConfigurationIsVisible = 0;
			defaultConfigurationName = Release;
		};
/* End XCConfigurationList section */
	};
	rootObject = 04E48AFF29902DBF0075127F /* Project object */;
}
